
Microsoft Visual Studio Solution File, Format Version 12.00
# Visual Studio Version 17
VisualStudioVersion = 17.0.32014.148
MinimumVisualStudioVersion = 10.0.40219.1
Project("{9A19103F-16F7-4668-BE54-9A1E7A4F7556}") = "MyProject.WebAPI", "MyProject.WebAPI\MyProject.WebAPI.csproj", "{B87AA006-4E31-4B89-BC75-EE8B84D2C945}"
EndProject
Project("{FAE04EC0-301F-11D3-BF4B-00C04F79EFBC}") = "MyProject.WebMVC", "MyProject.WebMVC\MyProject.WebMVC.csproj", "{D7BA4CD5-2673-4855-B811-66B4C845CEF7}"
EndProject
Global
	GlobalSection(SolutionConfigurationPlatforms) = preSolution
		Debug|Any CPU = Debug|Any CPU
		Release|Any CPU = Release|Any CPU
	EndGlobalSection
	GlobalSection(ProjectConfigurationPlatforms) = postSolution
		{B87AA006-4E31-4B89-BC75-EE8B84D2C945}.Debug|Any CPU.ActiveCfg = Debug|Any CPU
		{B87AA006-4E31-4B89-BC75-EE8B84D2C945}.Debug|Any CPU.Build.0 = Debug|Any CPU
		{B87AA006-4E31-4B89-BC75-EE8B84D2C945}.Release|Any CPU.ActiveCfg = Release|Any CPU
		{B87AA006-4E31-4B89-BC75-EE8B84D2C945}.Release|Any CPU.Build.0 = Release|Any CPU
		{D7BA4CD5-2673-4855-B811-66B4C845CEF7}.Debug|Any CPU.ActiveCfg = Debug|Any CPU
		{D7BA4CD5-2673-4855-B811-66B4C845CEF7}.Debug|Any CPU.Build.0 = Debug|Any CPU
		{D7BA4CD5-2673-4855-B811-66B4C845CEF7}.Release|Any CPU.ActiveCfg = Release|Any CPU
		{D7BA4CD5-2673-4855-B811-66B4C845CEF7}.Release|Any CPU.Build.0 = Release|Any CPU
	EndGlobalSection
	GlobalSection(SolutionProperties) = preSolution
		HideSolutionNode = FALSE
	EndGlobalSection
	GlobalSection(ExtensibilityGlobals) = postSolution
		SolutionGuid = {75A05DEC-206F-4CD8-98D9-E9BD4556FCA0}
	EndGlobalSection
EndGlobal
